
Microsoft Visual Studio Solution File, Format Version 12.00
# Visual Studio Version 16
VisualStudioVersion = 16.0.31515.178
MinimumVisualStudioVersion = 10.0.40219.1
Project("{9A19103F-16F7-4668-BE54-9A1E7A4F7556}") = "HealthCheck", "HealthCheck.csproj", "{3EE76C20-3125-4F2C-88FC-9FEC78F5C94A}"
EndProject
Global
	GlobalSection(SolutionConfigurationPlatforms) = preSolution
		Debug|Any CPU = Debug|Any CPU
		Release|Any CPU = Release|Any CPU
	EndGlobalSection
	GlobalSection(ProjectConfigurationPlatforms) = postSolution
		{3EE76C20-3125-4F2C-88FC-9FEC78F5C94A}.Debug|Any CPU.ActiveCfg = Debug|Any CPU
		{3EE76C20-3125-4F2C-88FC-9FEC78F5C94A}.Debug|Any CPU.Build.0 = Debug|Any CPU
		{3EE76C20-3125-4F2C-88FC-9FEC78F5C94A}.Release|Any CPU.ActiveCfg = Release|Any CPU
		{3EE76C20-3125-4F2C-88FC-9FEC78F5C94A}.Release|Any CPU.Build.0 = Release|Any CPU
	EndGlobalSection
	GlobalSection(SolutionProperties) = preSolution
		HideSolutionNode = FALSE
	EndGlobalSection
	GlobalSection(ExtensibilityGlobals) = postSolution
		SolutionGuid = {FDF25CDA-4E03-424C-8709-03A7AE41D876}
	EndGlobalSection
EndGlobal
